
Microsoft Visual Studio Solution File, Format Version 12.00
# Visual Studio Version 17
VisualStudioVersion = 17.9.34714.143
MinimumVisualStudioVersion = 10.0.40219.1
Project("{FAE04EC0-301F-11D3-BF4B-00C04F79EFBC}") = "Cube.Demo", "Cube.Demo\Cube.Demo.csproj", "{817CA5C5-86A7-497B-BF95-50A5338A70F2}"
EndProject
Global
	GlobalSection(SolutionConfigurationPlatforms) = preSolution
		Debug|Any CPU = Debug|Any CPU
		Release|Any CPU = Release|Any CPU
	EndGlobalSection
	GlobalSection(ProjectConfigurationPlatforms) = postSolution
		{817CA5C5-86A7-497B-BF95-50A5338A70F2}.Debug|Any CPU.ActiveCfg = Debug|Any CPU
		{817CA5C5-86A7-497B-BF95-50A5338A70F2}.Debug|Any CPU.Build.0 = Debug|Any CPU
		{817CA5C5-86A7-497B-BF95-50A5338A70F2}.Release|Any CPU.ActiveCfg = Release|Any CPU
		{817CA5C5-86A7-497B-BF95-50A5338A70F2}.Release|Any CPU.Build.0 = Release|Any CPU
	EndGlobalSection
	GlobalSection(SolutionProperties) = preSolution
		HideSolutionNode = FALSE
	EndGlobalSection
	GlobalSection(ExtensibilityGlobals) = postSolution
		SolutionGuid = {BAEF14B2-BC5B-49AD-A783-9B85054E4698}
	EndGlobalSection
EndGlobal
